
Microsoft Visual Studio Solution File, Format Version 12.00
# Visual Studio Version 17
VisualStudioVersion = 17.0.31903.59
MinimumVisualStudioVersion = 10.0.40219.1
Project("{2150E333-8FDC-42A3-9474-1A3956D46DE8}") = "Inventory", "Inventory", "{6B6A9D20-1EA0-9357-3B09-C6BC2B90364F}"
EndProject
Project("{FAE04EC0-301F-11D3-BF4B-00C04F79EFBC}") = "Inventory.API", "Inventory\Inventory.API\Inventory.API.csproj", "{DD2C13D0-5D9E-44B4-9122-34F50485C63C}"
EndProject
Project("{FAE04EC0-301F-11D3-BF4B-00C04F79EFBC}") = "Inventory.Application", "Inventory\Inventory.Application\Inventory.Application.csproj", "{1B25E981-2B25-442C-9B11-FE58E8B0C19C}"
EndProject
Project("{FAE04EC0-301F-11D3-BF4B-00C04F79EFBC}") = "Inventory.Domain", "Inventory\Inventory.Domain\Inventory.Domain.csproj", "{EA258494-546F-4341-AF3E-6AB2106C6A46}"
EndProject
Project("{FAE04EC0-301F-11D3-BF4B-00C04F79EFBC}") = "Inventory.Infrastructure", "Inventory\Inventory.Infrastructure\Inventory.Infrastructure.csproj", "{678DC8D1-B2D2-4081-B1F9-C2E27CC34EB1}"
EndProject
Project("{2150E333-8FDC-42A3-9474-1A3956D46DE8}") = "Identity", "Identity", "{2FA89949-C014-61E3-9766-4043502A0423}"
EndProject
Project("{FAE04EC0-301F-11D3-BF4B-00C04F79EFBC}") = "Identity.API", "Identity\Identity.API\Identity.API.csproj", "{A5CFC04C-2E5E-401E-9B99-A53C1E7A1C01}"
EndProject
Project("{FAE04EC0-301F-11D3-BF4B-00C04F79EFBC}") = "Identity.Application", "Identity\Identity.Application\Identity.Application.csproj", "{FE5F334F-42A8-462E-903E-F56989E3DFCC}"
EndProject
Project("{FAE04EC0-301F-11D3-BF4B-00C04F79EFBC}") = "Identity.Domain", "Identity\Identity.Domain\Identity.Domain.csproj", "{81B03336-8DDF-4C6D-ABA3-C3AA5D247EE8}"
EndProject
Project("{FAE04EC0-301F-11D3-BF4B-00C04F79EFBC}") = "Identity.Infrastructure", "Identity\Identity.Infrastructure\Identity.Infrastructure.csproj", "{319F285A-1998-413C-A375-921858E627A3}"
EndProject
Global
	GlobalSection(SolutionConfigurationPlatforms) = preSolution
		Debug|Any CPU = Debug|Any CPU
		Debug|x64 = Debug|x64
		Debug|x86 = Debug|x86
		Release|Any CPU = Release|Any CPU
		Release|x64 = Release|x64
		Release|x86 = Release|x86
	EndGlobalSection
	GlobalSection(ProjectConfigurationPlatforms) = postSolution
		{DD2C13D0-5D9E-44B4-9122-34F50485C63C}.Debug|Any CPU.ActiveCfg = Debug|Any CPU
		{DD2C13D0-5D9E-44B4-9122-34F50485C63C}.Debug|Any CPU.Build.0 = Debug|Any CPU
		{DD2C13D0-5D9E-44B4-9122-34F50485C63C}.Debug|x64.ActiveCfg = Debug|Any CPU
		{DD2C13D0-5D9E-44B4-9122-34F50485C63C}.Debug|x64.Build.0 = Debug|Any CPU
		{DD2C13D0-5D9E-44B4-9122-34F50485C63C}.Debug|x86.ActiveCfg = Debug|Any CPU
		{DD2C13D0-5D9E-44B4-9122-34F50485C63C}.Debug|x86.Build.0 = Debug|Any CPU
		{DD2C13D0-5D9E-44B4-9122-34F50485C63C}.Release|Any CPU.ActiveCfg = Release|Any CPU
		{DD2C13D0-5D9E-44B4-9122-34F50485C63C}.Release|Any CPU.Build.0 = Release|Any CPU
		{DD2C13D0-5D9E-44B4-9122-34F50485C63C}.Release|x64.ActiveCfg = Release|Any CPU
		{DD2C13D0-5D9E-44B4-9122-34F50485C63C}.Release|x64.Build.0 = Release|Any CPU
		{DD2C13D0-5D9E-44B4-9122-34F50485C63C}.Release|x86.ActiveCfg = Release|Any CPU
		{DD2C13D0-5D9E-44B4-9122-34F50485C63C}.Release|x86.Build.0 = Release|Any CPU
		{1B25E981-2B25-442C-9B11-FE58E8B0C19C}.Debug|Any CPU.ActiveCfg = Debug|Any CPU
		{1B25E981-2B25-442C-9B11-FE58E8B0C19C}.Debug|Any CPU.Build.0 = Debug|Any CPU
		{1B25E981-2B25-442C-9B11-FE58E8B0C19C}.Debug|x64.ActiveCfg = Debug|Any CPU
		{1B25E981-2B25-442C-9B11-FE58E8B0C19C}.Debug|x64.Build.0 = Debug|Any CPU
		{1B25E981-2B25-442C-9B11-FE58E8B0C19C}.Debug|x86.ActiveCfg = Debug|Any CPU
		{1B25E981-2B25-442C-9B11-FE58E8B0C19C}.Debug|x86.Build.0 = Debug|Any CPU
		{1B25E981-2B25-442C-9B11-FE58E8B0C19C}.Release|Any CPU.ActiveCfg = Release|Any CPU
		{1B25E981-2B25-442C-9B11-FE58E8B0C19C}.Release|Any CPU.Build.0 = Release|Any CPU
		{1B25E981-2B25-442C-9B11-FE58E8B0C19C}.Release|x64.ActiveCfg = Release|Any CPU
		{1B25E981-2B25-442C-9B11-FE58E8B0C19C}.Release|x64.Build.0 = Release|Any CPU
		{1B25E981-2B25-442C-9B11-FE58E8B0C19C}.Release|x86.ActiveCfg = Release|Any CPU
		{1B25E981-2B25-442C-9B11-FE58E8B0C19C}.Release|x86.Build.0 = Release|Any CPU
		{EA258494-546F-4341-AF3E-6AB2106C6A46}.Debug|Any CPU.ActiveCfg = Debug|Any CPU
		{EA258494-546F-4341-AF3E-6AB2106C6A46}.Debug|Any CPU.Build.0 = Debug|Any CPU
		{EA258494-546F-4341-AF3E-6AB2106C6A46}.Debug|x64.ActiveCfg = Debug|Any CPU
		{EA258494-546F-4341-AF3E-6AB2106C6A46}.Debug|x64.Build.0 = Debug|Any CPU
		{EA258494-546F-4341-AF3E-6AB2106C6A46}.Debug|x86.ActiveCfg = Debug|Any CPU
		{EA258494-546F-4341-AF3E-6AB2106C6A46}.Debug|x86.Build.0 = Debug|Any CPU
		{EA258494-546F-4341-AF3E-6AB2106C6A46}.Release|Any CPU.ActiveCfg = Release|Any CPU
		{EA258494-546F-4341-AF3E-6AB2106C6A46}.Release|Any CPU.Build.0 = Release|Any CPU
		{EA258494-546F-4341-AF3E-6AB2106C6A46}.Release|x64.ActiveCfg = Release|Any CPU
		{EA258494-546F-4341-AF3E-6AB2106C6A46}.Release|x64.Build.0 = Release|Any CPU
		{EA258494-546F-4341-AF3E-6AB2106C6A46}.Release|x86.ActiveCfg = Release|Any CPU
		{EA258494-546F-4341-AF3E-6AB2106C6A46}.Release|x86.Build.0 = Release|Any CPU
		{678DC8D1-B2D2-4081-B1F9-C2E27CC34EB1}.Debug|Any CPU.ActiveCfg = Debug|Any CPU
		{678DC8D1-B2D2-4081-B1F9-C2E27CC34EB1}.Debug|Any CPU.Build.0 = Debug|Any CPU
		{678DC8D1-B2D2-4081-B1F9-C2E27CC34EB1}.Debug|x64.ActiveCfg = Debug|Any CPU
		{678DC8D1-B2D2-4081-B1F9-C2E27CC34EB1}.Debug|x64.Build.0 = Debug|Any CPU
		{678DC8D1-B2D2-4081-B1F9-C2E27CC34EB1}.Debug|x86.ActiveCfg = Debug|Any CPU
		{678DC8D1-B2D2-4081-B1F9-C2E27CC34EB1}.Debug|x86.Build.0 = Debug|Any CPU
		{678DC8D1-B2D2-4081-B1F9-C2E27CC34EB1}.Release|Any CPU.ActiveCfg = Release|Any CPU
		{678DC8D1-B2D2-4081-B1F9-C2E27CC34EB1}.Release|Any CPU.Build.0 = Release|Any CPU
		{678DC8D1-B2D2-4081-B1F9-C2E27CC34EB1}.Release|x64.ActiveCfg = Release|Any CPU
		{678DC8D1-B2D2-4081-B1F9-C2E27CC34EB1}.Release|x64.Build.0 = Release|Any CPU
		{678DC8D1-B2D2-4081-B1F9-C2E27CC34EB1}.Release|x86.ActiveCfg = Release|Any CPU
		{678DC8D1-B2D2-4081-B1F9-C2E27CC34EB1}.Release|x86.Build.0 = Release|Any CPU
		{A5CFC04C-2E5E-401E-9B99-A53C1E7A1C01}.Debug|Any CPU.ActiveCfg = Debug|Any CPU
		{A5CFC04C-2E5E-401E-9B99-A53C1E7A1C01}.Debug|Any CPU.Build.0 = Debug|Any CPU
		{A5CFC04C-2E5E-401E-9B99-A53C1E7A1C01}.Debug|x64.ActiveCfg = Debug|Any CPU
		{A5CFC04C-2E5E-401E-9B99-A53C1E7A1C01}.Debug|x64.Build.0 = Debug|Any CPU
		{A5CFC04C-2E5E-401E-9B99-A53C1E7A1C01}.Debug|x86.ActiveCfg = Debug|Any CPU
		{A5CFC04C-2E5E-401E-9B99-A53C1E7A1C01}.Debug|x86.Build.0 = Debug|Any CPU
		{A5CFC04C-2E5E-401E-9B99-A53C1E7A1C01}.Release|Any CPU.ActiveCfg = Release|Any CPU
		{A5CFC04C-2E5E-401E-9B99-A53C1E7A1C01}.Release|Any CPU.Build.0 = Release|Any CPU
		{A5CFC04C-2E5E-401E-9B99-A53C1E7A1C01}.Release|x64.ActiveCfg = Release|Any CPU
		{A5CFC04C-2E5E-401E-9B99-A53C1E7A1C01}.Release|x64.Build.0 = Release|Any CPU
		{A5CFC04C-2E5E-401E-9B99-A53C1E7A1C01}.Release|x86.ActiveCfg = Release|Any CPU
		{A5CFC04C-2E5E-401E-9B99-A53C1E7A1C01}.Release|x86.Build.0 = Release|Any CPU
		{FE5F334F-42A8-462E-903E-F56989E3DFCC}.Debug|Any CPU.ActiveCfg = Debug|Any CPU
		{FE5F334F-42A8-462E-903E-F56989E3DFCC}.Debug|Any CPU.Build.0 = Debug|Any CPU
		{FE5F334F-42A8-462E-903E-F56989E3DFCC}.Debug|x64.ActiveCfg = Debug|Any CPU
		{FE5F334F-42A8-462E-903E-F56989E3DFCC}.Debug|x64.Build.0 = Debug|Any CPU
		{FE5F334F-42A8-462E-903E-F56989E3DFCC}.Debug|x86.ActiveCfg = Debug|Any CPU
		{FE5F334F-42A8-462E-903E-F56989E3DFCC}.Debug|x86.Build.0 = Debug|Any CPU
		{FE5F334F-42A8-462E-903E-F56989E3DFCC}.Release|Any CPU.ActiveCfg = Release|Any CPU
		{FE5F334F-42A8-462E-903E-F56989E3DFCC}.Release|Any CPU.Build.0 = Release|Any CPU
		{FE5F334F-42A8-462E-903E-F56989E3DFCC}.Release|x64.ActiveCfg = Release|Any CPU
		{FE5F334F-42A8-462E-903E-F56989E3DFCC}.Release|x64.Build.0 = Release|Any CPU
		{FE5F334F-42A8-462E-903E-F56989E3DFCC}.Release|x86.ActiveCfg = Release|Any CPU
		{FE5F334F-42A8-462E-903E-F56989E3DFCC}.Release|x86.Build.0 = Release|Any CPU
		{81B03336-8DDF-4C6D-ABA3-C3AA5D247EE8}.Debug|Any CPU.ActiveCfg = Debug|Any CPU
		{81B03336-8DDF-4C6D-ABA3-C3AA5D247EE8}.Debug|Any CPU.Build.0 = Debug|Any CPU
		{81B03336-8DDF-4C6D-ABA3-C3AA5D247EE8}.Debug|x64.ActiveCfg = Debug|Any CPU
		{81B03336-8DDF-4C6D-ABA3-C3AA5D247EE8}.Debug|x64.Build.0 = Debug|Any CPU
		{81B03336-8DDF-4C6D-ABA3-C3AA5D247EE8}.Debug|x86.ActiveCfg = Debug|Any CPU
		{81B03336-8DDF-4C6D-ABA3-C3AA5D247EE8}.Debug|x86.Build.0 = Debug|Any CPU
		{81B03336-8DDF-4C6D-ABA3-C3AA5D247EE8}.Release|Any CPU.ActiveCfg = Release|Any CPU
		{81B03336-8DDF-4C6D-ABA3-C3AA5D247EE8}.Release|Any CPU.Build.0 = Release|Any CPU
		{81B03336-8DDF-4C6D-ABA3-C3AA5D247EE8}.Release|x64.ActiveCfg = Release|Any CPU
		{81B03336-8DDF-4C6D-ABA3-C3AA5D247EE8}.Release|x64.Build.0 = Release|Any CPU
		{81B03336-8DDF-4C6D-ABA3-C3AA5D247EE8}.Release|x86.ActiveCfg = Release|Any CPU
		{81B03336-8DDF-4C6D-ABA3-C3AA5D247EE8}.Release|x86.Build.0 = Release|Any CPU
		{319F285A-1998-413C-A375-921858E627A3}.Debug|Any CPU.ActiveCfg = Debug|Any CPU
		{319F285A-1998-413C-A375-921858E627A3}.Debug|Any CPU.Build.0 = Debug|Any CPU
		{319F285A-1998-413C-A375-921858E627A3}.Debug|x64.ActiveCfg = Debug|Any CPU
		{319F285A-1998-413C-A375-921858E627A3}.Debug|x64.Build.0 = Debug|Any CPU
		{319F285A-1998-413C-A375-921858E627A3}.Debug|x86.ActiveCfg = Debug|Any CPU
		{319F285A-1998-413C-A375-921858E627A3}.Debug|x86.Build.0 = Debug|Any CPU
		{319F285A-1998-413C-A375-921858E627A3}.Release|Any CPU.ActiveCfg = Release|Any CPU
		{319F285A-1998-413C-A375-921858E627A3}.Release|Any CPU.Build.0 = Release|Any CPU
		{319F285A-1998-413C-A375-921858E627A3}.Release|x64.ActiveCfg = Release|Any CPU
		{319F285A-1998-413C-A375-921858E627A3}.Release|x64.Build.0 = Release|Any CPU
		{319F285A-1998-413C-A375-921858E627A3}.Release|x86.ActiveCfg = Release|Any CPU
		{319F285A-1998-413C-A375-921858E627A3}.Release|x86.Build.0 = Release|Any CPU
	EndGlobalSection
	GlobalSection(SolutionProperties) = preSolution
		HideSolutionNode = FALSE
	EndGlobalSection
	GlobalSection(NestedProjects) = preSolution
		{DD2C13D0-5D9E-44B4-9122-34F50485C63C} = {6B6A9D20-1EA0-9357-3B09-C6BC2B90364F}
		{1B25E981-2B25-442C-9B11-FE58E8B0C19C} = {6B6A9D20-1EA0-9357-3B09-C6BC2B90364F}
		{EA258494-546F-4341-AF3E-6AB2106C6A46} = {6B6A9D20-1EA0-9357-3B09-C6BC2B90364F}
		{678DC8D1-B2D2-4081-B1F9-C2E27CC34EB1} = {6B6A9D20-1EA0-9357-3B09-C6BC2B90364F}
		{A5CFC04C-2E5E-401E-9B99-A53C1E7A1C01} = {2FA89949-C014-61E3-9766-4043502A0423}
		{FE5F334F-42A8-462E-903E-F56989E3DFCC} = {2FA89949-C014-61E3-9766-4043502A0423}
		{81B03336-8DDF-4C6D-ABA3-C3AA5D247EE8} = {2FA89949-C014-61E3-9766-4043502A0423}
		{319F285A-1998-413C-A375-921858E627A3} = {2FA89949-C014-61E3-9766-4043502A0423}
	EndGlobalSection
EndGlobal
